PODS:
  - Alamofire (3.5.0)
  - Fabric (1.6.8)
  - MBProgressHUD (1.0.0)
  - PhoneNumberKit (0.8.5):
    - PhoneNumberKit/PhoneNumberKitCore (= 0.8.5)
    - PhoneNumberKit/UIKit (= 0.8.5)
  - PhoneNumberKit/PhoneNumberKitCore (0.8.5)
  - PhoneNumberKit/UIKit (0.8.5):
    - PhoneNumberKit/PhoneNumberKitCore
  - SDWebImage (3.8.2):
    - SDWebImage/Core (= 3.8.2)
  - SDWebImage/Core (3.8.2)
  - SwiftHTTP (0.9.7)
  - TwitterCore (2.3.0):
    - Fabric
  - TwitterKit (2.3.0):
    - TwitterCore (= 2.3.0)
  - VK-ios-sdk (1.4.4)

DEPENDENCIES:
  - Alamofire (~> 3.5.0)
  - Fabric
  - MBProgressHUD
  - PhoneNumberKit (~> 0.8)
  - SDWebImage
  - SwiftHTTP (= 0.9.7)
  - TwitterKit
  - VK-ios-sdk

SPEC CHECKSUMS:
  Alamofire: b70a7352335f8ea5babd0a923eb7e8eacc67b877
  Fabric: 5755268d0171435ab167e3d0878a28a777deaf10
  MBProgressHUD: 4890f671c94e8a0f3cf959aa731e9de2f036d71a
  PhoneNumberKit: 5668a7af19d2e566d92831a632ee80f5047eff75
  SDWebImage: 098e97e6176540799c27e804c96653ee0833d13c
  SwiftHTTP: fd698953f48aa6e7ee444ed2670ab2a55664a185
  TwitterCore: 817eae3e291fa4125b47789e26a4f6f024115c1f
  TwitterKit: 8a383da8d9c21b0423716381ea8bbfce20622d91
  VK-ios-sdk: 296c3be1bb45faf4d9f9a2ca69dcf6ec71d9d4df

PODFILE CHECKSUM: b090c4aafba64cd93168f96b7b54a20522366e87

COCOAPODS: 1.1.0.rc.2
